
Microsoft Visual Studio Solution File, Format Version 12.00
# Visual Studio Version 17
VisualStudioVersion = 17.0.31903.59
MinimumVisualStudioVersion = 10.0.40219.1
Project("{FAE04EC0-301F-11D3-BF4B-00C04F79EFBC}") = "WebApi", "WebApi\WebApi.csproj", "{2D30F2C2-1D39-4AEF-99E8-61E4780024F1}"
EndProject
Project("{FAE04EC0-301F-11D3-BF4B-00C04F79EFBC}") = "EfWebApi", "EfWebApi\EfWebApi.csproj", "{968307EC-5CDF-40E9-A4E1-2B0CFB3043C9}"
EndProject
Global
	GlobalSection(SolutionConfigurationPlatforms) = preSolution
		Debug|Any CPU = Debug|Any CPU
		Release|Any CPU = Release|Any CPU
	EndGlobalSection
	GlobalSection(SolutionProperties) = preSolution
		HideSolutionNode = FALSE
	EndGlobalSection
	GlobalSection(ProjectConfigurationPlatforms) = postSolution
		{2D30F2C2-1D39-4AEF-99E8-61E4780024F1}.Debug|Any CPU.ActiveCfg = Debug|Any CPU
		{2D30F2C2-1D39-4AEF-99E8-61E4780024F1}.Debug|Any CPU.Build.0 = Debug|Any CPU
		{2D30F2C2-1D39-4AEF-99E8-61E4780024F1}.Release|Any CPU.ActiveCfg = Release|Any CPU
		{2D30F2C2-1D39-4AEF-99E8-61E4780024F1}.Release|Any CPU.Build.0 = Release|Any CPU
		{968307EC-5CDF-40E9-A4E1-2B0CFB3043C9}.Debug|Any CPU.ActiveCfg = Debug|Any CPU
		{968307EC-5CDF-40E9-A4E1-2B0CFB3043C9}.Debug|Any CPU.Build.0 = Debug|Any CPU
		{968307EC-5CDF-40E9-A4E1-2B0CFB3043C9}.Release|Any CPU.ActiveCfg = Release|Any CPU
		{968307EC-5CDF-40E9-A4E1-2B0CFB3043C9}.Release|Any CPU.Build.0 = Release|Any CPU
	EndGlobalSection
EndGlobal
